
Microsoft Visual Studio Solution File, Format Version 12.00
# Visual Studio Version 17
VisualStudioVersion = 17.1.32319.34
MinimumVisualStudioVersion = 10.0.40219.1
Project("{FAE04EC0-301F-11D3-BF4B-00C04F79EFBC}") = "DenaliLS_ConvertLog", "DenaliLS_ConvertLog\DenaliLS_ConvertLog.csproj", "{A6223E5F-CA96-4E82-8C1A-D1E4B6D20CC1}"
EndProject
Global
	GlobalSection(SolutionConfigurationPlatforms) = preSolution
		Debug|Any CPU = Debug|Any CPU
		Release|Any CPU = Release|Any CPU
	EndGlobalSection
	GlobalSection(ProjectConfigurationPlatforms) = postSolution
		{A6223E5F-CA96-4E82-8C1A-D1E4B6D20CC1}.Debug|Any CPU.ActiveCfg = Debug|Any CPU
		{A6223E5F-CA96-4E82-8C1A-D1E4B6D20CC1}.Debug|Any CPU.Build.0 = Debug|Any CPU
		{A6223E5F-CA96-4E82-8C1A-D1E4B6D20CC1}.Release|Any CPU.ActiveCfg = Release|Any CPU
		{A6223E5F-CA96-4E82-8C1A-D1E4B6D20CC1}.Release|Any CPU.Build.0 = Release|Any CPU
	EndGlobalSection
	GlobalSection(SolutionProperties) = preSolution
		HideSolutionNode = FALSE
	EndGlobalSection
	GlobalSection(ExtensibilityGlobals) = postSolution
		SolutionGuid = {691B2736-694A-4888-BBB6-D60A732B1877}
	EndGlobalSection
EndGlobal
